// !$*UTF8*$!
{
	archiveVersion = 1;
	classes = {
	};
	objectVersion = 55;
	objects = {

/* Begin PBXBuildFile section */
		AE9009422852EDC5008163B7 /* AppDelegate.swift in Sources */ = {isa = PBXBuildFile; fileRef = AE9009412852EDC5008163B7 /* AppDelegate.swift */; };
		AE9009442852EDC5008163B7 /* SceneDelegate.swift in Sources */ = {isa = PBXBuildFile; fileRef = AE9009432852EDC5008163B7 /* SceneDelegate.swift */; };
		AE9009462852EDC5008163B7 /* ViewController.swift in Sources */ = {isa = PBXBuildFile; fileRef = AE9009452852EDC5008163B7 /* ViewController.swift */; };
		AE9009492852EDC5008163B7 /* Main.storyboard in Resources */ = {isa = PBXBuildFile; fileRef = AE9009472852EDC5008163B7 /* Main.storyboard */; };
		AE90094B2852EDC6008163B7 /* Assets.xcassets in Resources */ = {isa = PBXBuildFile; fileRef = AE90094A2852EDC6008163B7 /* Assets.xcassets */; };
		AE90094E2852EDC6008163B7 /* LaunchScreen.storyboard in Resources */ = {isa = PBXBuildFile; fileRef = AE90094C2852EDC6008163B7 /* LaunchScreen.storyboard */; };
		AEF78E20285B012900D57C2D /* 피카츄.jpeg in Resources */ = {isa = PBXBuildFile; fileRef = AEF78E1F285B012900D57C2D /* 피카츄.jpeg */; };
		AEF78E22285B03F000D57C2D /* 꼬부기.jpeg in Resources */ = {isa = PBXBuildFile; fileRef = AEF78E21285B03F000D57C2D /* 꼬부기.jpeg */; };
		AEF78E24285B03F800D57C2D /* 이상해씨.jpeg in Resources */ = {isa = PBXBuildFile; fileRef = AEF78E23285B03F700D57C2D /* 이상해씨.jpeg */; };
		AEF78E28285B096A00D57C2D /* 파이리.jpeg in Resources */ = {isa = PBXBuildFile; fileRef = AEF78E27285B096A00D57C2D /* 파이리.jpeg */; };
		AEF78E2A285B097100D57C2D /* 잠만보.jpeg in Resources */ = {isa = PBXBuildFile; fileRef = AEF78E29285B097100D57C2D /* 잠만보.jpeg */; };
		AEF78E2C285B097D00D57C2D /* 푸린.jpeg in Resources */ = {isa = PBXBuildFile; fileRef = AEF78E2B285B097C00D57C2D /* 푸린.jpeg */; };
/* End PBXBuildFile section */

/* Begin PBXFileReference section */
		AE90093E2852EDC5008163B7 /* 17. Sketch_final.app */ = {isa = PBXFileReference; explicitFileType = wrapper.application; includeInIndex = 0; path = "17. Sketch_final.app"; sourceTree = BUILT_PRODUCTS_DIR; };
		AE9009412852EDC5008163B7 /* AppDelegate.swift */ = {isa = PBXFileReference; lastKnownFileType = sourcecode.swift; path = AppDelegate.swift; sourceTree = "<group>"; };
		AE9009432852EDC5008163B7 /* SceneDelegate.swift */ = {isa = PBXFileReference; lastKnownFileType = sourcecode.swift; path = SceneDelegate.swift; sourceTree = "<group>"; };
		AE9009452852EDC5008163B7 /* ViewController.swift */ = {isa = PBXFileReference; lastKnownFileType = sourcecode.swift; path = ViewController.swift; sourceTree = "<group>"; };
		AE9009482852EDC5008163B7 /* Base */ = {isa = PBXFileReference; lastKnownFileType = file.storyboard; name = Base; path = Base.lproj/Main.storyboard; sourceTree = "<group>"; };
		AE90094A2852EDC6008163B7 /* Assets.xcassets */ = {isa = PBXFileReference; lastKnownFileType = folder.assetcatalog; path = Assets.xcassets; sourceTree = "<group>"; };
		AE90094D2852EDC6008163B7 /* Base */ = {isa = PBXFileReference; lastKnownFileType = file.storyboard; name = Base; path = Base.lproj/LaunchScreen.storyboard; sourceTree = "<group>"; };
		AE90094F2852EDC6008163B7 /* Info.plist */ = {isa = PBXFileReference; lastKnownFileType = text.plist.xml; path = Info.plist; sourceTree = "<group>"; };
		AEF78E1F285B012900D57C2D /* 피카츄.jpeg */ = {isa = PBXFileReference; lastKnownFileType = image.jpeg; path = "피카츄.jpeg"; sourceTree = "<group>"; };
		AEF78E21285B03F000D57C2D /* 꼬부기.jpeg */ = {isa = PBXFileReference; lastKnownFileType = image.jpeg; path = "꼬부기.jpeg"; sourceTree = "<group>"; };
		AEF78E23285B03F700D57C2D /* 이상해씨.jpeg */ = {isa = PBXFileReference; lastKnownFileType = image.jpeg; path = "이상해씨.jpeg"; sourceTree = "<group>"; };
		AEF78E27285B096A00D57C2D /* 파이리.jpeg */ = {isa = PBXFileReference; lastKnownFileType = image.jpeg; path = "파이리.jpeg"; sourceTree = "<group>"; };
		AEF78E29285B097100D57C2D /* 잠만보.jpeg */ = {isa = PBXFileReference; lastKnownFileType = image.jpeg; path = "잠만보.jpeg"; sourceTree = "<group>"; };
		AEF78E2B285B097C00D57C2D /* 푸린.jpeg */ = {isa = PBXFileReference; lastKnownFileType = image.jpeg; path = "푸린.jpeg"; sourceTree = "<group>"; };
/* End PBXFileReference section */

/* Begin PBXFrameworksBuildPhase section */
		AE90093B2852EDC5008163B7 /* Frameworks */ = {
			isa = PBXFrameworksBuildPhase;
			buildActionMask = 2147483647;
			files = (
			);
			runOnlyForDeploymentPostprocessing = 0;
		};
/* End PBXFrameworksBuildPhase section */

/* Begin PBXGroup section */
		AE9009352852EDC5008163B7 = {
			isa = PBXGroup;
			children = (
				AE9009402852EDC5008163B7 /* 17. Sketch_final */,
				AE90093F2852EDC5008163B7 /* Products */,
			);
			sourceTree = "<group>";
		};
		AE90093F2852EDC5008163B7 /* Products */ = {
			isa = PBXGroup;
			children = (
				AE90093E2852EDC5008163B7 /* 17. Sketch_final.app */,
			);
			name = Products;
			sourceTree = "<group>";
		};
		AE9009402852EDC5008163B7 /* 17. Sketch_final */ = {
			isa = PBXGroup;
			children = (
				AEF78E1F285B012900D57C2D /* 피카츄.jpeg */,
				AEF78E21285B03F000D57C2D /* 꼬부기.jpeg */,
				AEF78E23285B03F700D57C2D /* 이상해씨.jpeg */,
				AEF78E27285B096A00D57C2D /* 파이리.jpeg */,
				AEF78E29285B097100D57C2D /* 잠만보.jpeg */,
				AEF78E2B285B097C00D57C2D /* 푸린.jpeg */,
				AE9009412852EDC5008163B7 /* AppDelegate.swift */,
				AE9009432852EDC5008163B7 /* SceneDelegate.swift */,
				AE9009452852EDC5008163B7 /* ViewController.swift */,
				AE9009472852EDC5008163B7 /* Main.storyboard */,
				AE90094A2852EDC6008163B7 /* Assets.xcassets */,
				AE90094C2852EDC6008163B7 /* LaunchScreen.storyboard */,
				AE90094F2852EDC6008163B7 /* Info.plist */,
			);
			path = "17. Sketch_final";
			sourceTree = "<group>";
		};
/* End PBXGroup section */

/* Begin PBXNativeTarget section */
		AE90093D2852EDC5008163B7 /* 17. Sketch_final */ = {
			isa = PBXNativeTarget;
			buildConfigurationList = AE9009522852EDC6008163B7 /* Build configuration list for PBXNativeTarget "17. Sketch_final" */;
			buildPhases = (
				AE90093A2852EDC5008163B7 /* Sources */,
				AE90093B2852EDC5008163B7 /* Frameworks */,
				AE90093C2852EDC5008163B7 /* Resources */,
			);
			buildRules = (
			);
			dependencies = (
			);
			name = "17. Sketch_final";
			productName = "17. Sketch_final";
			productReference = AE90093E2852EDC5008163B7 /* 17. Sketch_final.app */;
			productType = "com.apple.product-type.application";
		};
/* End PBXNativeTarget section */

/* Begin PBXProject section */
		AE9009362852EDC5008163B7 /* Project object */ = {
			isa = PBXProject;
			attributes = {
				BuildIndependentTargetsInParallel = 1;
				LastSwiftUpdateCheck = 1320;
				LastUpgradeCheck = 1320;
				TargetAttributes = {
					AE90093D2852EDC5008163B7 = {
						CreatedOnToolsVersion = 13.2.1;
					};
				};
			};
			buildConfigurationList = AE9009392852EDC5008163B7 /* Build configuration list for PBXProject "17. Sketch_final" */;
			compatibilityVersion = "Xcode 13.0";
			developmentRegion = en;
			hasScannedForEncodings = 0;
			knownRegions = (
				en,
				Base,
			);
			mainGroup = AE9009352852EDC5008163B7;
			productRefGroup = AE90093F2852EDC5008163B7 /* Products */;
			projectDirPath = "";
			projectRoot = "";
			targets = (
				AE90093D2852EDC5008163B7 /* 17. Sketch_final */,
			);
		};
/* End PBXProject section */

/* Begin PBXResourcesBuildPhase section */
		AE90093C2852EDC5008163B7 /* Resources */ = {
			isa = PBXResourcesBuildPhase;
			buildActionMask = 2147483647;
			files = (
				AE90094E2852EDC6008163B7 /* LaunchScreen.storyboard in Resources */,
				AEF78E24285B03F800D57C2D /* 이상해씨.jpeg in Resources */,
				AEF78E22285B03F000D57C2D /* 꼬부기.jpeg in Resources */,
				AEF78E28285B096A00D57C2D /* 파이리.jpeg in Resources */,
				AEF78E20285B012900D57C2D /* 피카츄.jpeg in Resources */,
				AE90094B2852EDC6008163B7 /* Assets.xcassets in Resources */,
				AE9009492852EDC5008163B7 /* Main.storyboard in Resources */,
				AEF78E2C285B097D00D57C2D /* 푸린.jpeg in Resources */,
				AEF78E2A285B097100D57C2D /* 잠만보.jpeg in Resources */,
			);
			runOnlyForDeploymentPostprocessing = 0;
		};
/* End PBXResourcesBuildPhase section */

/* Begin PBXSourcesBuildPhase section */
		AE90093A2852EDC5008163B7 /* Sources */ = {
			isa = PBXSourcesBuildPhase;
			buildActionMask = 2147483647;
			files = (
				AE9009462852EDC5008163B7 /* ViewController.swift in Sources */,
				AE9009422852EDC5008163B7 /* AppDelegate.swift in Sources */,
				AE9009442852EDC5008163B7 /* SceneDelegate.swift in Sources */,
			);
			runOnlyForDeploymentPostprocessing = 0;
		};
/* End PBXSourcesBuildPhase section */

/* Begin PBXVariantGroup section */
		AE9009472852EDC5008163B7 /* Main.storyboard */ = {
			isa = PBXVariantGroup;
			children = (
				AE9009482852EDC5008163B7 /* Base */,
			);
			name = Main.storyboard;
			sourceTree = "<group>";
		};
		AE90094C2852EDC6008163B7 /* LaunchScreen.storyboard */ = {
			isa = PBXVariantGroup;
			children = (
				AE90094D2852EDC6008163B7 /* Base */,
			);
			name = LaunchScreen.storyboard;
			sourceTree = "<group>";
		};
/* End PBXVariantGroup section */

/* Begin XCBuildConfiguration section */
		AE9009502852EDC6008163B7 /* Debug */ = {
			isa = XCBuildConfiguration;
			buildSettings = {
				ALWAYS_SEARCH_USER_PATHS = NO;
				CLANG_ANALYZER_NONNULL = YES;
				CLANG_ANALYZER_NUMBER_OBJECT_CONVERSION = YES_AGGRESSIVE;
				CLANG_CXX_LANGUAGE_STANDARD = "gnu++17";
				CLANG_CXX_LIBRARY = "libc++";
				CLANG_ENABLE_MODULES = YES;
				CLANG_ENABLE_OBJC_ARC = YES;
				CLANG_ENABLE_OBJC_WEAK = YES;
				CLANG_WARN_BLOCK_CAPTURE_AUTORELEASING = YES;
				CLANG_WARN_BOOL_CONVERSION = YES;
				CLANG_WARN_COMMA = YES;
				CLANG_WARN_CONSTANT_CONVERSION = YES;
				CLANG_WARN_DEPRECATED_OBJC_IMPLEMENTATIONS = YES;
				CLANG_WARN_DIRECT_OBJC_ISA_USAGE = YES_ERROR;
				CLANG_WARN_DOCUMENTATION_COMMENTS = YES;
				CLANG_WARN_EMPTY_BODY = YES;
				CLANG_WARN_ENUM_CONVERSION = YES;
				CLANG_WARN_INFINITE_RECURSION = YES;
				CLANG_WARN_INT_CONVERSION = YES;
				CLANG_WARN_NON_LITERAL_NULL_CONVERSION = YES;
				CLANG_WARN_OBJC_IMPLICIT_RETAIN_SELF = YES;
				CLANG_WARN_OBJC_LITERAL_CONVERSION = YES;
				CLANG_WARN_OBJC_ROOT_CLASS = YES_ERROR;
				CLANG_WARN_QUOTED_INCLUDE_IN_FRAMEWORK_HEADER = YES;
				CLANG_WARN_RANGE_LOOP_ANALYSIS = YES;
				CLANG_WARN_STRICT_PROTOTYPES = YES;
				CLANG_WARN_SUSPICIOUS_MOVE = YES;
				CLANG_WARN_UNGUARDED_AVAILABILITY = YES_AGGRESSIVE;
				CLANG_WARN_UNREACHABLE_CODE = YES;
				CLANG_WARN__DUPLICATE_METHOD_MATCH = YES;
				COPY_PHASE_STRIP = NO;
				DEBUG_INFORMATION_FORMAT = dwarf;
				ENABLE_STRICT_OBJC_MSGSEND = YES;
				ENABLE_TESTABILITY = YES;
				GCC_C_LANGUAGE_STANDARD = gnu11;
				GCC_DYNAMIC_NO_PIC = NO;
				GCC_NO_COMMON_BLOCKS = YES;
				GCC_OPTIMIZATION_LEVEL = 0;
				GCC_PREPROCESSOR_DEFINITIONS = (
					"DEBUG=1",
					"$(inherited)",
				);
				GCC_WARN_64_TO_32_BIT_CONVERSION = YES;
				GCC_WARN_ABOUT_RETURN_TYPE = YES_ERROR;
				GCC_WARN_UNDECLARED_SELECTOR = YES;
				GCC_WARN_UNINITIALIZED_AUTOS = YES_AGGRESSIVE;
				GCC_WARN_UNUSED_FUNCTION = YES;
				GCC_WARN_UNUSED_VARIABLE = YES;
				IPHONEOS_DEPLOYMENT_TARGET = 15.2;
				MTL_ENABLE_DEBUG_INFO = INCLUDE_SOURCE;
				MTL_FAST_MATH = YES;
				ONLY_ACTIVE_ARCH = YES;
				SDKROOT = iphoneos;
				SWIFT_ACTIVE_COMPILATION_CONDITIONS = DEBUG;
				SWIFT_OPTIMIZATION_LEVEL = "-Onone";
			};
			name = Debug;
		};
		AE9009512852EDC6008163B7 /* Release */ = {
			isa = XCBuildConfiguration;
			buildSettings = {
				ALWAYS_SEARCH_USER_PATHS = NO;
				CLANG_ANALYZER_NONNULL = YES;
				CLANG_ANALYZER_NUMBER_OBJECT_CONVERSION = YES_AGGRESSIVE;
				CLANG_CXX_LANGUAGE_STANDARD = "gnu++17";
				CLANG_CXX_LIBRARY = "libc++";
				CLANG_ENABLE_MODULES = YES;
				CLANG_ENABLE_OBJC_ARC = YES;
				CLANG_ENABLE_OBJC_WEAK = YES;
				CLANG_WARN_BLOCK_CAPTURE_AUTORELEASING = YES;
				CLANG_WARN_BOOL_CONVERSION = YES;
				CLANG_WARN_COMMA = YES;
				CLANG_WARN_CONSTANT_CONVERSION = YES;
				CLANG_WARN_DEPRECATED_OBJC_IMPLEMENTATIONS = YES;
				CLANG_WARN_DIRECT_OBJC_ISA_USAGE = YES_ERROR;
				CLANG_WARN_DOCUMENTATION_COMMENTS = YES;
				CLANG_WARN_EMPTY_BODY = YES;
				CLANG_WARN_ENUM_CONVERSION = YES;
				CLANG_WARN_INFINITE_RECURSION = YES;
				CLANG_WARN_INT_CONVERSION = YES;
				CLANG_WARN_NON_LITERAL_NULL_CONVERSION = YES;
				CLANG_WARN_OBJC_IMPLICIT_RETAIN_SELF = YES;
				CLANG_WARN_OBJC_LITERAL_CONVERSION = YES;
				CLANG_WARN_OBJC_ROOT_CLASS = YES_ERROR;
				CLANG_WARN_QUOTED_INCLUDE_IN_FRAMEWORK_HEADER = YES;
				CLANG_WARN_RANGE_LOOP_ANALYSIS = YES;
				CLANG_WARN_STRICT_PROTOTYPES = YES;
				CLANG_WARN_SUSPICIOUS_MOVE = YES;
				CLANG_WARN_UNGUARDED_AVAILABILITY = YES_AGGRESSIVE;
				CLANG_WARN_UNREACHABLE_CODE = YES;
				CLANG_WARN__DUPLICATE_METHOD_MATCH = YES;
				COPY_PHASE_STRIP = NO;
				DEBUG_INFORMATION_FORMAT = "dwarf-with-dsym";
				ENABLE_NS_ASSERTIONS = NO;
				ENABLE_STRICT_OBJC_MSGSEND = YES;
				GCC_C_LANGUAGE_STANDARD = gnu11;
				GCC_NO_COMMON_BLOCKS = YES;
				GCC_WARN_64_TO_32_BIT_CONVERSION = YES;
				GCC_WARN_ABOUT_RETURN_TYPE = YES_ERROR;
				GCC_WARN_UNDECLARED_SELECTOR = YES;
				GCC_WARN_UNINITIALIZED_AUTOS = YES_AGGRESSIVE;
				GCC_WARN_UNUSED_FUNCTION = YES;
				GCC_WARN_UNUSED_VARIABLE = YES;
				IPHONEOS_DEPLOYMENT_TARGET = 15.2;
				MTL_ENABLE_DEBUG_INFO = NO;
				MTL_FAST_MATH = YES;
				SDKROOT = iphoneos;
				SWIFT_COMPILATION_MODE = wholemodule;
				SWIFT_OPTIMIZATION_LEVEL = "-O";
				VALIDATE_PRODUCT = YES;
			};
			name = Release;
		};
		AE9009532852EDC6008163B7 /* Debug */ = {
			isa = XCBuildConfiguration;
			buildSettings = {
				ASSETCATALOG_COMPILER_APPICON_NAME = AppIcon;
				ASSETCATALOG_COMPILER_GLOBAL_ACCENT_COLOR_NAME = AccentColor;
				CODE_SIGN_STYLE = Automatic;
				CURRENT_PROJECT_VERSION = 1;
				GENERATE_INFOPLIST_FILE = YES;
				INFOPLIST_FILE = "17. Sketch_final/Info.plist";
				INFOPLIST_KEY_UIApplicationSupportsIndirectInputEvents = YES;
				INFOPLIST_KEY_UILaunchStoryboardName = LaunchScreen;
				INFOPLIST_KEY_UIMainStoryboardFile = Main;
				INFOPLIST_KEY_UISupportedInterfaceOrientations_iPad = "UIInterfaceOrientationPortrait UIInterfaceOrientationPortraitUpsideDown UIInterfaceOrientationLandscapeLeft UIInterfaceOrientationLandscapeRight";
				INFOPLIST_KEY_UISupportedInterfaceOrientations_iPhone = "UIInterfaceOrientationPortrait UIInterfaceOrientationLandscapeLeft UIInterfaceOrientationLandscapeRight";
				LD_RUNPATH_SEARCH_PATHS = (
					"$(inherited)",
					"@executable_path/Frameworks",
				);
				MARKETING_VERSION = 1.0;
				PRODUCT_BUNDLE_IDENTIFIER = "kr.ac.induk.www.-7--Sketch-final";
				PRODUCT_NAME = "$(TARGET_NAME)";
				SWIFT_EMIT_LOC_STRINGS = YES;
				SWIFT_VERSION = 5.0;
				TARGETED_DEVICE_FAMILY = 1;
			};
			name = Debug;
		};
		AE9009542852EDC6008163B7 /* Release */ = {
			isa = XCBuildConfiguration;
			buildSettings = {
				ASSETCATALOG_COMPILER_APPICON_NAME = AppIcon;
				ASSETCATALOG_COMPILER_GLOBAL_ACCENT_COLOR_NAME = AccentColor;
				CODE_SIGN_STYLE = Automatic;
				CURRENT_PROJECT_VERSION = 1;
				GENERATE_INFOPLIST_FILE = YES;
				INFOPLIST_FILE = "17. Sketch_final/Info.plist";
				INFOPLIST_KEY_UIApplicationSupportsIndirectInputEvents = YES;
				INFOPLIST_KEY_UILaunchStoryboardName = LaunchScreen;
				INFOPLIST_KEY_UIMainStoryboardFile = Main;
				INFOPLIST_KEY_UISupportedInterfaceOrientations_iPad = "UIInterfaceOrientationPortrait UIInterfaceOrientationPortraitUpsideDown UIInterfaceOrientationLandscapeLeft UIInterfaceOrientationLandscapeRight";
				INFOPLIST_KEY_UISupportedInterfaceOrientations_iPhone = "UIInterfaceOrientationPortrait UIInterfaceOrientationLandscapeLeft UIInterfaceOrientationLandscapeRight";
				LD_RUNPATH_SEARCH_PATHS = (
					"$(inherited)",
					"@executable_path/Frameworks",
				);
				MARKETING_VERSION = 1.0;
				PRODUCT_BUNDLE_IDENTIFIER = "kr.ac.induk.www.-7--Sketch-final";
				PRODUCT_NAME = "$(TARGET_NAME)";
				SWIFT_EMIT_LOC_STRINGS = YES;
				SWIFT_VERSION = 5.0;
				TARGETED_DEVICE_FAMILY = 1;
			};
			name = Release;
		};
/* End XCBuildConfiguration section */

/* Begin XCConfigurationList section */
		AE9009392852EDC5008163B7 /* Build configuration list for PBXProject "17. Sketch_final" */ = {
			isa = XCConfigurationList;
			buildConfigurations = (
				AE9009502852EDC6008163B7 /* Debug */,
				AE9009512852EDC6008163B7 /* Release */,
			);
			defaultConfigurationIsVisible = 0;
			defaultConfigurationName = Release;
		};
		AE9009522852EDC6008163B7 /* Build configuration list for PBXNativeTarget "17. Sketch_final" */ = {
			isa = XCConfigurationList;
			buildConfigurations = (
				AE9009532852EDC6008163B7 /* Debug */,
				AE9009542852EDC6008163B7 /* Release */,
			);
			defaultConfigurationIsVisible = 0;
			defaultConfigurationName = Release;
		};
/* End XCConfigurationList section */
	};
	rootObject = AE9009362852EDC5008163B7 /* Project object */;
}
