// !$*UTF8*$!
{
	archiveVersion = 1;
	classes = {
	};
	objectVersion = 55;
	objects = {

/* Begin PBXBuildFile section */
		AE40E9252851D5BC009C27D4 /* AppDelegate.swift in Sources */ = {isa = PBXBuildFile; fileRef = AE40E9242851D5BC009C27D4 /* AppDelegate.swift */; };
		AE40E9272851D5BC009C27D4 /* SceneDelegate.swift in Sources */ = {isa = PBXBuildFile; fileRef = AE40E9262851D5BC009C27D4 /* SceneDelegate.swift */; };
		AE40E92C2851D5BC009C27D4 /* Main.storyboard in Resources */ = {isa = PBXBuildFile; fileRef = AE40E92A2851D5BC009C27D4 /* Main.storyboard */; };
		AE40E92E2851D5BE009C27D4 /* Assets.xcassets in Resources */ = {isa = PBXBuildFile; fileRef = AE40E92D2851D5BE009C27D4 /* Assets.xcassets */; };
		AE40E9312851D5BE009C27D4 /* LaunchScreen.storyboard in Resources */ = {isa = PBXBuildFile; fileRef = AE40E92F2851D5BE009C27D4 /* LaunchScreen.storyboard */; };
		AE40E93B2851DC63009C27D4 /* AddViewController.swift in Sources */ = {isa = PBXBuildFile; fileRef = AE40E93A2851DC63009C27D4 /* AddViewController.swift */; };
		AE40E93D2851DC7B009C27D4 /* DetailViewController.swift in Sources */ = {isa = PBXBuildFile; fileRef = AE40E93C2851DC7B009C27D4 /* DetailViewController.swift */; };
		AE40E93F2851DCD4009C27D4 /* TableViewController.swift in Sources */ = {isa = PBXBuildFile; fileRef = AE40E93E2851DCD3009C27D4 /* TableViewController.swift */; };
		AE40E9412851DE55009C27D4 /* cart.png in Resources */ = {isa = PBXBuildFile; fileRef = AE40E9402851DE55009C27D4 /* cart.png */; };
		AE40E9432851DE68009C27D4 /* clock.png in Resources */ = {isa = PBXBuildFile; fileRef = AE40E9422851DE68009C27D4 /* clock.png */; };
		AE40E9452851DE73009C27D4 /* pencil.png in Resources */ = {isa = PBXBuildFile; fileRef = AE40E9442851DE73009C27D4 /* pencil.png */; };
/* End PBXBuildFile section */

/* Begin PBXFileReference section */
		AE40E9212851D5BC009C27D4 /* 12.Table.app */ = {isa = PBXFileReference; explicitFileType = wrapper.application; includeInIndex = 0; path = 12.Table.app; sourceTree = BUILT_PRODUCTS_DIR; };
		AE40E9242851D5BC009C27D4 /* AppDelegate.swift */ = {isa = PBXFileReference; lastKnownFileType = sourcecode.swift; path = AppDelegate.swift; sourceTree = "<group>"; };
		AE40E9262851D5BC009C27D4 /* SceneDelegate.swift */ = {isa = PBXFileReference; lastKnownFileType = sourcecode.swift; path = SceneDelegate.swift; sourceTree = "<group>"; };
		AE40E92B2851D5BC009C27D4 /* Base */ = {isa = PBXFileReference; lastKnownFileType = file.storyboard; name = Base; path = Base.lproj/Main.storyboard; sourceTree = "<group>"; };
		AE40E92D2851D5BE009C27D4 /* Assets.xcassets */ = {isa = PBXFileReference; lastKnownFileType = folder.assetcatalog; path = Assets.xcassets; sourceTree = "<group>"; };
		AE40E9302851D5BE009C27D4 /* Base */ = {isa = PBXFileReference; lastKnownFileType = file.storyboard; name = Base; path = Base.lproj/LaunchScreen.storyboard; sourceTree = "<group>"; };
		AE40E9322851D5BE009C27D4 /* Info.plist */ = {isa = PBXFileReference; lastKnownFileType = text.plist.xml; path = Info.plist; sourceTree = "<group>"; };
		AE40E93A2851DC63009C27D4 /* AddViewController.swift */ = {isa = PBXFileReference; lastKnownFileType = sourcecode.swift; path = AddViewController.swift; sourceTree = "<group>"; };
		AE40E93C2851DC7B009C27D4 /* DetailViewController.swift */ = {isa = PBXFileReference; lastKnownFileType = sourcecode.swift; path = DetailViewController.swift; sourceTree = "<group>"; };
		AE40E93E2851DCD3009C27D4 /* TableViewController.swift */ = {isa = PBXFileReference; lastKnownFileType = sourcecode.swift; path = TableViewController.swift; sourceTree = "<group>"; };
		AE40E9402851DE55009C27D4 /* cart.png */ = {isa = PBXFileReference; lastKnownFileType = image.png; path = cart.png; sourceTree = "<group>"; };
		AE40E9422851DE68009C27D4 /* clock.png */ = {isa = PBXFileReference; lastKnownFileType = image.png; path = clock.png; sourceTree = "<group>"; };
		AE40E9442851DE73009C27D4 /* pencil.png */ = {isa = PBXFileReference; lastKnownFileType = image.png; path = pencil.png; sourceTree = "<group>"; };
/* End PBXFileReference section */

/* Begin PBXFrameworksBuildPhase section */
		AE40E91E2851D5BC009C27D4 /* Frameworks */ = {
			isa = PBXFrameworksBuildPhase;
			buildActionMask = 2147483647;
			files = (
			);
			runOnlyForDeploymentPostprocessing = 0;
		};
/* End PBXFrameworksBuildPhase section */

/* Begin PBXGroup section */
		AE40E9182851D5BC009C27D4 = {
			isa = PBXGroup;
			children = (
				AE40E9232851D5BC009C27D4 /* 12.Table */,
				AE40E9222851D5BC009C27D4 /* Products */,
			);
			sourceTree = "<group>";
		};
		AE40E9222851D5BC009C27D4 /* Products */ = {
			isa = PBXGroup;
			children = (
				AE40E9212851D5BC009C27D4 /* 12.Table.app */,
			);
			name = Products;
			sourceTree = "<group>";
		};
		AE40E9232851D5BC009C27D4 /* 12.Table */ = {
			isa = PBXGroup;
			children = (
				AE40E9402851DE55009C27D4 /* cart.png */,
				AE40E9422851DE68009C27D4 /* clock.png */,
				AE40E9442851DE73009C27D4 /* pencil.png */,
				AE40E9242851D5BC009C27D4 /* AppDelegate.swift */,
				AE40E93E2851DCD3009C27D4 /* TableViewController.swift */,
				AE40E93A2851DC63009C27D4 /* AddViewController.swift */,
				AE40E93C2851DC7B009C27D4 /* DetailViewController.swift */,
				AE40E9262851D5BC009C27D4 /* SceneDelegate.swift */,
				AE40E92A2851D5BC009C27D4 /* Main.storyboard */,
				AE40E92D2851D5BE009C27D4 /* Assets.xcassets */,
				AE40E92F2851D5BE009C27D4 /* LaunchScreen.storyboard */,
				AE40E9322851D5BE009C27D4 /* Info.plist */,
			);
			path = 12.Table;
			sourceTree = "<group>";
		};
/* End PBXGroup section */

/* Begin PBXNativeTarget section */
		AE40E9202851D5BC009C27D4 /* 12.Table */ = {
			isa = PBXNativeTarget;
			buildConfigurationList = AE40E9352851D5BE009C27D4 /* Build configuration list for PBXNativeTarget "12.Table" */;
			buildPhases = (
				AE40E91D2851D5BC009C27D4 /* Sources */,
				AE40E91E2851D5BC009C27D4 /* Frameworks */,
				AE40E91F2851D5BC009C27D4 /* Resources */,
			);
			buildRules = (
			);
			dependencies = (
			);
			name = 12.Table;
			productName = 12.Table;
			productReference = AE40E9212851D5BC009C27D4 /* 12.Table.app */;
			productType = "com.apple.product-type.application";
		};
/* End PBXNativeTarget section */

/* Begin PBXProject section */
		AE40E9192851D5BC009C27D4 /* Project object */ = {
			isa = PBXProject;
			attributes = {
				BuildIndependentTargetsInParallel = 1;
				LastSwiftUpdateCheck = 1320;
				LastUpgradeCheck = 1320;
				TargetAttributes = {
					AE40E9202851D5BC009C27D4 = {
						CreatedOnToolsVersion = 13.2.1;
					};
				};
			};
			buildConfigurationList = AE40E91C2851D5BC009C27D4 /* Build configuration list for PBXProject "12.Table" */;
			compatibilityVersion = "Xcode 13.0";
			developmentRegion = en;
			hasScannedForEncodings = 0;
			knownRegions = (
				en,
				Base,
			);
			mainGroup = AE40E9182851D5BC009C27D4;
			productRefGroup = AE40E9222851D5BC009C27D4 /* Products */;
			projectDirPath = "";
			projectRoot = "";
			targets = (
				AE40E9202851D5BC009C27D4 /* 12.Table */,
			);
		};
/* End PBXProject section */

/* Begin PBXResourcesBuildPhase section */
		AE40E91F2851D5BC009C27D4 /* Resources */ = {
			isa = PBXResourcesBuildPhase;
			buildActionMask = 2147483647;
			files = (
				AE40E9452851DE73009C27D4 /* pencil.png in Resources */,
				AE40E9312851D5BE009C27D4 /* LaunchScreen.storyboard in Resources */,
				AE40E9432851DE68009C27D4 /* clock.png in Resources */,
				AE40E9412851DE55009C27D4 /* cart.png in Resources */,
				AE40E92E2851D5BE009C27D4 /* Assets.xcassets in Resources */,
				AE40E92C2851D5BC009C27D4 /* Main.storyboard in Resources */,
			);
			runOnlyForDeploymentPostprocessing = 0;
		};
/* End PBXResourcesBuildPhase section */

/* Begin PBXSourcesBuildPhase section */
		AE40E91D2851D5BC009C27D4 /* Sources */ = {
			isa = PBXSourcesBuildPhase;
			buildActionMask = 2147483647;
			files = (
				AE40E9252851D5BC009C27D4 /* AppDelegate.swift in Sources */,
				AE40E93D2851DC7B009C27D4 /* DetailViewController.swift in Sources */,
				AE40E93B2851DC63009C27D4 /* AddViewController.swift in Sources */,
				AE40E93F2851DCD4009C27D4 /* TableViewController.swift in Sources */,
				AE40E9272851D5BC009C27D4 /* SceneDelegate.swift in Sources */,
			);
			runOnlyForDeploymentPostprocessing = 0;
		};
/* End PBXSourcesBuildPhase section */

/* Begin PBXVariantGroup section */
		AE40E92A2851D5BC009C27D4 /* Main.storyboard */ = {
			isa = PBXVariantGroup;
			children = (
				AE40E92B2851D5BC009C27D4 /* Base */,
			);
			name = Main.storyboard;
			sourceTree = "<group>";
		};
		AE40E92F2851D5BE009C27D4 /* LaunchScreen.storyboard */ = {
			isa = PBXVariantGroup;
			children = (
				AE40E9302851D5BE009C27D4 /* Base */,
			);
			name = LaunchScreen.storyboard;
			sourceTree = "<group>";
		};
/* End PBXVariantGroup section */

/* Begin XCBuildConfiguration section */
		AE40E9332851D5BE009C27D4 /* Debug */ = {
			isa = XCBuildConfiguration;
			buildSettings = {
				ALWAYS_SEARCH_USER_PATHS = NO;
				CLANG_ANALYZER_NONNULL = YES;
				CLANG_ANALYZER_NUMBER_OBJECT_CONVERSION = YES_AGGRESSIVE;
				CLANG_CXX_LANGUAGE_STANDARD = "gnu++17";
				CLANG_CXX_LIBRARY = "libc++";
				CLANG_ENABLE_MODULES = YES;
				CLANG_ENABLE_OBJC_ARC = YES;
				CLANG_ENABLE_OBJC_WEAK = YES;
				CLANG_WARN_BLOCK_CAPTURE_AUTORELEASING = YES;
				CLANG_WARN_BOOL_CONVERSION = YES;
				CLANG_WARN_COMMA = YES;
				CLANG_WARN_CONSTANT_CONVERSION = YES;
				CLANG_WARN_DEPRECATED_OBJC_IMPLEMENTATIONS = YES;
				CLANG_WARN_DIRECT_OBJC_ISA_USAGE = YES_ERROR;
				CLANG_WARN_DOCUMENTATION_COMMENTS = YES;
				CLANG_WARN_EMPTY_BODY = YES;
				CLANG_WARN_ENUM_CONVERSION = YES;
				CLANG_WARN_INFINITE_RECURSION = YES;
				CLANG_WARN_INT_CONVERSION = YES;
				CLANG_WARN_NON_LITERAL_NULL_CONVERSION = YES;
				CLANG_WARN_OBJC_IMPLICIT_RETAIN_SELF = YES;
				CLANG_WARN_OBJC_LITERAL_CONVERSION = YES;
				CLANG_WARN_OBJC_ROOT_CLASS = YES_ERROR;
				CLANG_WARN_QUOTED_INCLUDE_IN_FRAMEWORK_HEADER = YES;
				CLANG_WARN_RANGE_LOOP_ANALYSIS = YES;
				CLANG_WARN_STRICT_PROTOTYPES = YES;
				CLANG_WARN_SUSPICIOUS_MOVE = YES;
				CLANG_WARN_UNGUARDED_AVAILABILITY = YES_AGGRESSIVE;
				CLANG_WARN_UNREACHABLE_CODE = YES;
				CLANG_WARN__DUPLICATE_METHOD_MATCH = YES;
				COPY_PHASE_STRIP = NO;
				DEBUG_INFORMATION_FORMAT = dwarf;
				ENABLE_STRICT_OBJC_MSGSEND = YES;
				ENABLE_TESTABILITY = YES;
				GCC_C_LANGUAGE_STANDARD = gnu11;
				GCC_DYNAMIC_NO_PIC = NO;
				GCC_NO_COMMON_BLOCKS = YES;
				GCC_OPTIMIZATION_LEVEL = 0;
				GCC_PREPROCESSOR_DEFINITIONS = (
					"DEBUG=1",
					"$(inherited)",
				);
				GCC_WARN_64_TO_32_BIT_CONVERSION = YES;
				GCC_WARN_ABOUT_RETURN_TYPE = YES_ERROR;
				GCC_WARN_UNDECLARED_SELECTOR = YES;
				GCC_WARN_UNINITIALIZED_AUTOS = YES_AGGRESSIVE;
				GCC_WARN_UNUSED_FUNCTION = YES;
				GCC_WARN_UNUSED_VARIABLE = YES;
				IPHONEOS_DEPLOYMENT_TARGET = 15.2;
				MTL_ENABLE_DEBUG_INFO = INCLUDE_SOURCE;
				MTL_FAST_MATH = YES;
				ONLY_ACTIVE_ARCH = YES;
				SDKROOT = iphoneos;
				SWIFT_ACTIVE_COMPILATION_CONDITIONS = DEBUG;
				SWIFT_OPTIMIZATION_LEVEL = "-Onone";
			};
			name = Debug;
		};
		AE40E9342851D5BE009C27D4 /* Release */ = {
			isa = XCBuildConfiguration;
			buildSettings = {
				ALWAYS_SEARCH_USER_PATHS = NO;
				CLANG_ANALYZER_NONNULL = YES;
				CLANG_ANALYZER_NUMBER_OBJECT_CONVERSION = YES_AGGRESSIVE;
				CLANG_CXX_LANGUAGE_STANDARD = "gnu++17";
				CLANG_CXX_LIBRARY = "libc++";
				CLANG_ENABLE_MODULES = YES;
				CLANG_ENABLE_OBJC_ARC = YES;
				CLANG_ENABLE_OBJC_WEAK = YES;
				CLANG_WARN_BLOCK_CAPTURE_AUTORELEASING = YES;
				CLANG_WARN_BOOL_CONVERSION = YES;
				CLANG_WARN_COMMA = YES;
				CLANG_WARN_CONSTANT_CONVERSION = YES;
				CLANG_WARN_DEPRECATED_OBJC_IMPLEMENTATIONS = YES;
				CLANG_WARN_DIRECT_OBJC_ISA_USAGE = YES_ERROR;
				CLANG_WARN_DOCUMENTATION_COMMENTS = YES;
				CLANG_WARN_EMPTY_BODY = YES;
				CLANG_WARN_ENUM_CONVERSION = YES;
				CLANG_WARN_INFINITE_RECURSION = YES;
				CLANG_WARN_INT_CONVERSION = YES;
				CLANG_WARN_NON_LITERAL_NULL_CONVERSION = YES;
				CLANG_WARN_OBJC_IMPLICIT_RETAIN_SELF = YES;
				CLANG_WARN_OBJC_LITERAL_CONVERSION = YES;
				CLANG_WARN_OBJC_ROOT_CLASS = YES_ERROR;
				CLANG_WARN_QUOTED_INCLUDE_IN_FRAMEWORK_HEADER = YES;
				CLANG_WARN_RANGE_LOOP_ANALYSIS = YES;
				CLANG_WARN_STRICT_PROTOTYPES = YES;
				CLANG_WARN_SUSPICIOUS_MOVE = YES;
				CLANG_WARN_UNGUARDED_AVAILABILITY = YES_AGGRESSIVE;
				CLANG_WARN_UNREACHABLE_CODE = YES;
				CLANG_WARN__DUPLICATE_METHOD_MATCH = YES;
				COPY_PHASE_STRIP = NO;
				DEBUG_INFORMATION_FORMAT = "dwarf-with-dsym";
				ENABLE_NS_ASSERTIONS = NO;
				ENABLE_STRICT_OBJC_MSGSEND = YES;
				GCC_C_LANGUAGE_STANDARD = gnu11;
				GCC_NO_COMMON_BLOCKS = YES;
				GCC_WARN_64_TO_32_BIT_CONVERSION = YES;
				GCC_WARN_ABOUT_RETURN_TYPE = YES_ERROR;
				GCC_WARN_UNDECLARED_SELECTOR = YES;
				GCC_WARN_UNINITIALIZED_AUTOS = YES_AGGRESSIVE;
				GCC_WARN_UNUSED_FUNCTION = YES;
				GCC_WARN_UNUSED_VARIABLE = YES;
				IPHONEOS_DEPLOYMENT_TARGET = 15.2;
				MTL_ENABLE_DEBUG_INFO = NO;
				MTL_FAST_MATH = YES;
				SDKROOT = iphoneos;
				SWIFT_COMPILATION_MODE = wholemodule;
				SWIFT_OPTIMIZATION_LEVEL = "-O";
				VALIDATE_PRODUCT = YES;
			};
			name = Release;
		};
		AE40E9362851D5BE009C27D4 /* Debug */ = {
			isa = XCBuildConfiguration;
			buildSettings = {
				ASSETCATALOG_COMPILER_APPICON_NAME = AppIcon;
				ASSETCATALOG_COMPILER_GLOBAL_ACCENT_COLOR_NAME = AccentColor;
				CODE_SIGN_STYLE = Automatic;
				CURRENT_PROJECT_VERSION = 1;
				GENERATE_INFOPLIST_FILE = YES;
				INFOPLIST_FILE = 12.Table/Info.plist;
				INFOPLIST_KEY_UIApplicationSupportsIndirectInputEvents = YES;
				INFOPLIST_KEY_UILaunchStoryboardName = LaunchScreen;
				INFOPLIST_KEY_UIMainStoryboardFile = Main;
				INFOPLIST_KEY_UISupportedInterfaceOrientations_iPad = "UIInterfaceOrientationPortrait UIInterfaceOrientationPortraitUpsideDown UIInterfaceOrientationLandscapeLeft UIInterfaceOrientationLandscapeRight";
				INFOPLIST_KEY_UISupportedInterfaceOrientations_iPhone = "UIInterfaceOrientationPortrait UIInterfaceOrientationLandscapeLeft UIInterfaceOrientationLandscapeRight";
				LD_RUNPATH_SEARCH_PATHS = (
					"$(inherited)",
					"@executable_path/Frameworks",
				);
				MARKETING_VERSION = 1.0;
				PRODUCT_BUNDLE_IDENTIFIER = "kr.ac.induk.www.-2-Table";
				PRODUCT_NAME = "$(TARGET_NAME)";
				SWIFT_EMIT_LOC_STRINGS = YES;
				SWIFT_VERSION = 5.0;
				TARGETED_DEVICE_FAMILY = "1,2";
			};
			name = Debug;
		};
		AE40E9372851D5BE009C27D4 /* Release */ = {
			isa = XCBuildConfiguration;
			buildSettings = {
				ASSETCATALOG_COMPILER_APPICON_NAME = AppIcon;
				ASSETCATALOG_COMPILER_GLOBAL_ACCENT_COLOR_NAME = AccentColor;
				CODE_SIGN_STYLE = Automatic;
				CURRENT_PROJECT_VERSION = 1;
				GENERATE_INFOPLIST_FILE = YES;
				INFOPLIST_FILE = 12.Table/Info.plist;
				INFOPLIST_KEY_UIApplicationSupportsIndirectInputEvents = YES;
				INFOPLIST_KEY_UILaunchStoryboardName = LaunchScreen;
				INFOPLIST_KEY_UIMainStoryboardFile = Main;
				INFOPLIST_KEY_UISupportedInterfaceOrientations_iPad = "UIInterfaceOrientationPortrait UIInterfaceOrientationPortraitUpsideDown UIInterfaceOrientationLandscapeLeft UIInterfaceOrientationLandscapeRight";
				INFOPLIST_KEY_UISupportedInterfaceOrientations_iPhone = "UIInterfaceOrientationPortrait UIInterfaceOrientationLandscapeLeft UIInterfaceOrientationLandscapeRight";
				LD_RUNPATH_SEARCH_PATHS = (
					"$(inherited)",
					"@executable_path/Frameworks",
				);
				MARKETING_VERSION = 1.0;
				PRODUCT_BUNDLE_IDENTIFIER = "kr.ac.induk.www.-2-Table";
				PRODUCT_NAME = "$(TARGET_NAME)";
				SWIFT_EMIT_LOC_STRINGS = YES;
				SWIFT_VERSION = 5.0;
				TARGETED_DEVICE_FAMILY = "1,2";
			};
			name = Release;
		};
/* End XCBuildConfiguration section */

/* Begin XCConfigurationList section */
		AE40E91C2851D5BC009C27D4 /* Build configuration list for PBXProject "12.Table" */ = {
			isa = XCConfigurationList;
			buildConfigurations = (
				AE40E9332851D5BE009C27D4 /* Debug */,
				AE40E9342851D5BE009C27D4 /* Release */,
			);
			defaultConfigurationIsVisible = 0;
			defaultConfigurationName = Release;
		};
		AE40E9352851D5BE009C27D4 /* Build configuration list for PBXNativeTarget "12.Table" */ = {
			isa = XCConfigurationList;
			buildConfigurations = (
				AE40E9362851D5BE009C27D4 /* Debug */,
				AE40E9372851D5BE009C27D4 /* Release */,
			);
			defaultConfigurationIsVisible = 0;
			defaultConfigurationName = Release;
		};
/* End XCConfigurationList section */
	};
	rootObject = AE40E9192851D5BC009C27D4 /* Project object */;
}
